
Microsoft Visual Studio Solution File, Format Version 12.00
# Visual Studio Version 16
VisualStudioVersion = 16.0.30523.141
MinimumVisualStudioVersion = 10.0.40219.1
Project("{FAE04EC0-301F-11D3-BF4B-00C04F79EFBC}") = "ecb stats reader", "ecb stats reader\ecb stats reader.csproj", "{C8B4E13D-9F05-472C-8536-120A7665D053}"
EndProject
Global
	GlobalSection(SolutionConfigurationPlatforms) = preSolution
		Debug|Any CPU = Debug|Any CPU
		Release|Any CPU = Release|Any CPU
	EndGlobalSection
	GlobalSection(ProjectConfigurationPlatforms) = postSolution
		{C8B4E13D-9F05-472C-8536-120A7665D053}.Debug|Any CPU.ActiveCfg = Debug|Any CPU
		{C8B4E13D-9F05-472C-8536-120A7665D053}.Debug|Any CPU.Build.0 = Debug|Any CPU
		{C8B4E13D-9F05-472C-8536-120A7665D053}.Release|Any CPU.ActiveCfg = Release|Any CPU
		{C8B4E13D-9F05-472C-8536-120A7665D053}.Release|Any CPU.Build.0 = Release|Any CPU
	EndGlobalSection
	GlobalSection(SolutionProperties) = preSolution
		HideSolutionNode = FALSE
	EndGlobalSection
	GlobalSection(ExtensibilityGlobals) = postSolution
		SolutionGuid = {EF7F863D-EA5A-476A-865F-416E7FC3F940}
	EndGlobalSection
EndGlobal
